
Microsoft Visual Studio Solution File, Format Version 12.00
# Visual Studio Version 17
VisualStudioVersion = 17.14.36310.24 d17.14
MinimumVisualStudioVersion = 10.0.40219.1
Project("{FAE04EC0-301F-11D3-BF4B-00C04F79EFBC}") = "RCBE", "RCBE\RCBE.csproj", "{B3E43982-C7F4-4148-A64B-A103BBC041E1}"
EndProject
Global
	GlobalSection(SolutionConfigurationPlatforms) = preSolution
		Debug|Any CPU = Debug|Any CPU
		Release|Any CPU = Release|Any CPU
	EndGlobalSection
	GlobalSection(ProjectConfigurationPlatforms) = postSolution
		{B3E43982-C7F4-4148-A64B-A103BBC041E1}.Debug|Any CPU.ActiveCfg = Debug|Any CPU
		{B3E43982-C7F4-4148-A64B-A103BBC041E1}.Debug|Any CPU.Build.0 = Debug|Any CPU
		{B3E43982-C7F4-4148-A64B-A103BBC041E1}.Release|Any CPU.ActiveCfg = Release|Any CPU
		{B3E43982-C7F4-4148-A64B-A103BBC041E1}.Release|Any CPU.Build.0 = Release|Any CPU
	EndGlobalSection
	GlobalSection(SolutionProperties) = preSolution
		HideSolutionNode = FALSE
	EndGlobalSection
	GlobalSection(ExtensibilityGlobals) = postSolution
		SolutionGuid = {602E60F2-AEA5-4EB8-AFD1-6C683C90657C}
	EndGlobalSection
EndGlobal
